lockfileVersion: '9.0'

settings:
  autoInstallPeers: true
  excludeLinksFromLockfile: false

importers:

  .:
    devDependencies:
      husky:
        specifier: ^9.1.7
        version: 9.1.7
      prettier:
        specifier: ^3.8.1
        version: 3.8.1
      prettier-plugin-organize-imports:
        specifier: ^4.3.0
        version: 4.3.0(prettier@3.8.1)(typescript@5.9.3)(vue-tsc@3.2.5(typescript@5.9.3))
      prettier-plugin-pkg:
        specifier: ^0.21.2
        version: 0.21.2(prettier@3.8.1)

packages:

  '@babel/helper-string-parser@7.27.1':
    resolution: {integrity: sha512-qMlSxKbpRlAridDExk92nSobyDdpPijUq2DW6oDnUqd0iOGxmQjyqhMIihI9+zv4LPyZdRje2cavWPbCbWm3eA==}
    engines: {node: '>=6.9.0'}

  '@babel/helper-validator-identifier@7.28.5':
    resolution: {integrity: sha512-qSs4ifwzKJSV39ucNjsvc6WVHs6b7S03sOh2OcHF9UHfVPqWWALUsNUVzhSBiItjRZoLHx7nIarVjqKVusUZ1Q==}
    engines: {node: '>=6.9.0'}

  '@babel/parser@7.29.0':
    resolution: {integrity: sha512-IyDgFV5GeDUVX4YdF/3CPULtVGSXXMLh1xVIgdCgxApktqnQV0r7/8Nqthg+8YLGaAtdyIlo2qIdZrbCv4+7ww==}
    engines: {node: '>=6.0.0'}
    hasBin: true

  '@babel/types@7.29.0':
    resolution: {integrity: sha512-LwdZHpScM4Qz8Xw2iKSzS+cfglZzJGvofQICy7W7v4caru4EaAmyUuO6BGrbyQ2mYV11W0U8j5mBhd14dd3B0A==}
    engines: {node: '>=6.9.0'}

  '@volar/language-core@2.4.28':
    resolution: {integrity: sha512-w4qhIJ8ZSitgLAkVay6AbcnC7gP3glYM3fYwKV3srj8m494E3xtrCv6E+bWviiK/8hs6e6t1ij1s2Endql7vzQ==}

  '@volar/source-map@2.4.28':
    resolution: {integrity: sha512-yX2BDBqJkRXfKw8my8VarTyjv48QwxdJtvRgUpNE5erCsgEUdI2DsLbpa+rOQVAJYshY99szEcRDmyHbF10ggQ==}

  '@volar/typescript@2.4.28':
    resolution: {integrity: sha512-Ja6yvWrbis2QtN4ClAKreeUZPVYMARDYZl9LMEv1iQ1QdepB6wn0jTRxA9MftYmYa4DQ4k/DaSZpFPUfxl8giw==}

  '@vue/compiler-core@3.5.28':
    resolution: {integrity: sha512-kviccYxTgoE8n6OCw96BNdYlBg2GOWfBuOW4Vqwrt7mSKWKwFVvI8egdTltqRgITGPsTFYtKYfxIG8ptX2PJHQ==}

  '@vue/compiler-dom@3.5.28':
    resolution: {integrity: sha512-/1ZepxAb159jKR1btkefDP+J2xuWL5V3WtleRmxaT+K2Aqiek/Ab/+Ebrw2pPj0sdHO8ViAyyJWfhXXOP/+LQA==}

  '@vue/language-core@3.2.5':
    resolution: {integrity: sha512-d3OIxN/+KRedeM5wQ6H6NIpwS3P5gC9nmyaHgBk+rO6dIsjY+tOh4UlPpiZbAh3YtLdCGEX4M16RmsBqPmJV+g==}

  '@vue/shared@3.5.28':
    resolution: {integrity: sha512-cfWa1fCGBxrvaHRhvV3Is0MgmrbSCxYTXCSCau2I0a1Xw1N1pHAvkWCiXPRAqjvToILvguNyEwjevUqAuBQWvQ==}

  alien-signals@3.1.2:
    resolution: {integrity: sha512-d9dYqZTS90WLiU0I5c6DHj/HcKkF8ZyGN3G5x8wSbslulz70KOxaqCT0hQCo9KOyhVqzqGojvNdJXoTumZOtcw==}

  entities@7.0.1:
    resolution: {integrity: sha512-TWrgLOFUQTH994YUyl1yT4uyavY5nNB5muff+RtWaqNVCAK408b5ZnnbNAUEWLTCpum9w6arT70i1XdQ4UeOPA==}
    engines: {node: '>=0.12'}

  estree-walker@2.0.2:
    resolution: {integrity: sha512-Rfkk/Mp/DL7JVje3u18FxFujQlTNR2q6QfMSMB7AvCBx91NGj/ba3kCfza0f6dVDbw7YlRf/nDrn7pQrCCyQ/w==}

  husky@9.1.7:
    resolution: {integrity: sha512-5gs5ytaNjBrh5Ow3zrvdUUY+0VxIuWVL4i9irt6friV+BqdCfmV11CQTWMiBYWHbXhco+J1kHfTOUkePhCDvMA==}
    engines: {node: '>=18'}
    hasBin: true

  muggle-string@0.4.1:
    resolution: {integrity: sha512-VNTrAak/KhO2i8dqqnqnAHOa3cYBwXEZe9h+D5h/1ZqFSTEFHdM65lR7RoIqq3tBBYavsOXV84NoHXZ0AkPyqQ==}

  path-browserify@1.0.1:
    resolution: {integrity: sha512-b7uo2UCUOYZcnF/3ID0lulOJi/bafxa1xPe7ZPsammBSpjSWQkjNxlt635YGS2MiR9GjvuXCtz2emr3jbsz98g==}

  picomatch@4.0.3:
    resolution: {integrity: sha512-5gTmgEY/sqK6gFXLIsQNH19lWb4ebPDLA4SdLP7dsWkIXHWlG66oPuVvXSGFPppYZz8ZDZq0dYYrbHfBCVUb1Q==}
    engines: {node: '>=12'}

  prettier-plugin-organize-imports@4.3.0:
    resolution: {integrity: sha512-FxFz0qFhyBsGdIsb697f/EkvHzi5SZOhWAjxcx2dLt+Q532bAlhswcXGYB1yzjZ69kW8UoadFBw7TyNwlq96Iw==}
    peerDependencies:
      prettier: '>=2.0'
      typescript: '>=2.9'
      vue-tsc: ^2.1.0 || 3
    peerDependenciesMeta:
      vue-tsc:
        optional: true

  prettier-plugin-pkg@0.21.2:
    resolution: {integrity: sha512-CSlM5+51B7yTKcoRWT4M3ImcdFHD5NUz0Xu2t8J03B761zu6J3BjSo/XleKp2kB0tH49K7oG5Uuqn6ldI5LRLg==}
    engines: {node: ^14.18.0 || >=16.0.0}
    peerDependencies:
      prettier: ^3.0.3

  prettier@3.8.1:
    resolution: {integrity: sha512-UOnG6LftzbdaHZcKoPFtOcCKztrQ57WkHDeRD9t/PTQtmT0NHSeWWepj6pS0z/N7+08BHFDQVUrfmfMRcZwbMg==}
    engines: {node: '>=14'}
    hasBin: true

  source-map-js@1.2.1:
    resolution: {integrity: sha512-UXWMKhLOwVKb728IUtQPXxfYU+usdybtUrK/8uGE8CQMvrhOpwvzDBwj0QhSL7MQc7vIsISBG8VQ8+IDQxpfQA==}
    engines: {node: '>=0.10.0'}

  typescript@5.9.3:
    resolution: {integrity: sha512-jl1vZzPDinLr9eUt3J/t7V6FgNEw9QjvBPdysz9KfQDD41fQrC2Y4vKQdiaUpFT4bXlb1RHhLpp8wtm6M5TgSw==}
    engines: {node: '>=14.17'}
    hasBin: true

  vscode-uri@3.1.0:
    resolution: {integrity: sha512-/BpdSx+yCQGnCvecbyXdxHDkuk55/G3xwnC0GqY4gmQ3j+A+g8kzzgB4Nk/SINjqn6+waqw3EgbVF2QKExkRxQ==}

  vue-tsc@3.2.5:
    resolution: {integrity: sha512-/htfTCMluQ+P2FISGAooul8kO4JMheOTCbCy4M6dYnYYjqLe3BExZudAua6MSIKSFYQtFOYAll7XobYwcpokGA==}
    hasBin: true
    peerDependencies:
      typescript: '>=5.0.0'

snapshots:

  '@babel/helper-string-parser@7.27.1':
    optional: true

  '@babel/helper-validator-identifier@7.28.5':
    optional: true

  '@babel/parser@7.29.0':
    dependencies:
      '@babel/types': 7.29.0
    optional: true

  '@babel/types@7.29.0':
    dependencies:
      '@babel/helper-string-parser': 7.27.1
      '@babel/helper-validator-identifier': 7.28.5
    optional: true

  '@volar/language-core@2.4.28':
    dependencies:
      '@volar/source-map': 2.4.28
    optional: true

  '@volar/source-map@2.4.28':
    optional: true

  '@volar/typescript@2.4.28':
    dependencies:
      '@volar/language-core': 2.4.28
      path-browserify: 1.0.1
      vscode-uri: 3.1.0
    optional: true

  '@vue/compiler-core@3.5.28':
    dependencies:
      '@babel/parser': 7.29.0
      '@vue/shared': 3.5.28
      entities: 7.0.1
      estree-walker: 2.0.2
      source-map-js: 1.2.1
    optional: true

  '@vue/compiler-dom@3.5.28':
    dependencies:
      '@vue/compiler-core': 3.5.28
      '@vue/shared': 3.5.28
    optional: true

  '@vue/language-core@3.2.5':
    dependencies:
      '@volar/language-core': 2.4.28
      '@vue/compiler-dom': 3.5.28
      '@vue/shared': 3.5.28
      alien-signals: 3.1.2
      muggle-string: 0.4.1
      path-browserify: 1.0.1
      picomatch: 4.0.3
    optional: true

  '@vue/shared@3.5.28':
    optional: true

  alien-signals@3.1.2:
    optional: true

  entities@7.0.1:
    optional: true

  estree-walker@2.0.2:
    optional: true

  husky@9.1.7: {}

  muggle-string@0.4.1:
    optional: true

  path-browserify@1.0.1:
    optional: true

  picomatch@4.0.3:
    optional: true

  prettier-plugin-organize-imports@4.3.0(prettier@3.8.1)(typescript@5.9.3)(vue-tsc@3.2.5(typescript@5.9.3)):
    dependencies:
      prettier: 3.8.1
      typescript: 5.9.3
    optionalDependencies:
      vue-tsc: 3.2.5(typescript@5.9.3)

  prettier-plugin-pkg@0.21.2(prettier@3.8.1):
    dependencies:
      prettier: 3.8.1

  prettier@3.8.1: {}

  source-map-js@1.2.1:
    optional: true

  typescript@5.9.3: {}

  vscode-uri@3.1.0:
    optional: true

  vue-tsc@3.2.5(typescript@5.9.3):
    dependencies:
      '@volar/typescript': 2.4.28
      '@vue/language-core': 3.2.5
      typescript: 5.9.3
    optional: true
